{
  "lockfileVersion": 1,
  "configVersion": 1,
  "workspaces": {
    "": {
      "name": "macropad",
      "dependencies": {
        "dotenv": "^17.4.2",
        "hono": "^4.12.22",
      },
    },
  },
  "packages": {
    "dotenv": ["dotenv@17.4.2", "", {}, "sha512-nI4U3TottKAcAD9LLud4Cb7b2QztQMUEfHbvhTH09bqXTxnSie8WnjPALV/WMCrJZ6UV/qHJ6L03OqO3LcdYZw=="],

    "hono": ["hono@4.12.22", "", {}, "sha512-7fvVPbB92zNRsQke+uiRGwtTuef0tB2Dg4hWxYfFNvkQhIltWoyi0ONReM5LWA+jJWS3nfT5lTq+qbsIpX0IQw=="],
  }
}
